// !$*UTF8*$!
{
	archiveVersion = 1;
	classes = {
	};
	objectVersion = 46;
	objects = {

/* Begin PBXBuildFile section */
		656B4DD91ED4105800B0AAA5 /* Main.storyboard in Resources */ = {isa = PBXBuildFile; fileRef = 656B4DD71ED4105800B0AAA5 /* Main.storyboard */; };
		656B4DDB1ED4105800B0AAA5 /* Assets.xcassets in Resources */ = {isa = PBXBuildFile; fileRef = 656B4DDA1ED4105800B0AAA5 /* Assets.xcassets */; };
		656B4DDE1ED4105800B0AAA5 /* LaunchScreen.storyboard in Resources */ = {isa = PBXBuildFile; fileRef = 656B4DDC1ED4105800B0AAA5 /* LaunchScreen.storyboard */; };
		656B4DF41ED4169B00B0AAA5 /* Icon.png in Resources */ = {isa = PBXBuildFile; fileRef = 656B4DF31ED4169B00B0AAA5 /* Icon.png */; };
		EB12CEB61EF03A6400D55778 /* Assets.xcassets in Resources */ = {isa = PBXBuildFile; fileRef = 656B4DDA1ED4105800B0AAA5 /* Assets.xcassets */; };
		EB12CEFC1EF03E0A00D55778 /* Trial01Tests.swift in Sources */ = {isa = PBXBuildFile; fileRef = 656B4DE81ED4105800B0AAA5 /* Trial01Tests.swift */; };
		EBD0F9811EF033ED002967B8 /* AppDelegate.swift in Sources */ = {isa = PBXBuildFile; fileRef = 656B4DD31ED4105800B0AAA5 /* AppDelegate.swift */; };
		EBD0F9871EF0349E002967B8 /* ViewController.swift in Sources */ = {isa = PBXBuildFile; fileRef = 656B4DD51ED4105800B0AAA5 /* ViewController.swift */; };
		EBD0F98A1EF037EC002967B8 /* RegisterPageViewController.swift in Sources */ = {isa = PBXBuildFile; fileRef = EBD0F9721EEFE8F7002967B8 /* RegisterPageViewController.swift */; };
/* End PBXBuildFile section */

/* Begin PBXContainerItemProxy section */
		656B4DE51ED4105800B0AAA5 /* PBXContainerItemProxy */ = {
			isa = PBXContainerItemProxy;
			containerPortal = 656B4DC81ED4105800B0AAA5 /* Project object */;
			proxyType = 1;
			remoteGlobalIDString = 656B4DCF1ED4105800B0AAA5;
			remoteInfo = Trial01;
		};
/* End PBXContainerItemProxy section */

/* Begin PBXFileReference section */
		656B4DD01ED4105800B0AAA5 /* Trial01.app */ = {isa = PBXFileReference; explicitFileType = wrapper.application; includeInIndex = 0; path = Trial01.app; sourceTree = BUILT_PRODUCTS_DIR; };
		656B4DD31ED4105800B0AAA5 /* AppDelegate.swift */ = {isa = PBXFileReference; lastKnownFileType = sourcecode.swift; path = AppDelegate.swift; sourceTree = "<group>"; };
		656B4DD51ED4105800B0AAA5 /* ViewController.swift */ = {isa = PBXFileReference; lastKnownFileType = sourcecode.swift; path = ViewController.swift; sourceTree = "<group>"; };
		656B4DD81ED4105800B0AAA5 /* Base */ = {isa = PBXFileReference; lastKnownFileType = file.storyboard; name = Base; path = Base.lproj/Main.storyboard; sourceTree = "<group>"; };
		656B4DDA1ED4105800B0AAA5 /* Assets.xcassets */ = {isa = PBXFileReference; lastKnownFileType = folder.assetcatalog; path = Assets.xcassets; sourceTree = "<group>"; };
		656B4DDD1ED4105800B0AAA5 /* Base */ = {isa = PBXFileReference; lastKnownFileType = file.storyboard; name = Base; path = Base.lproj/LaunchScreen.storyboard; sourceTree = "<group>"; };
		656B4DDF1ED4105800B0AAA5 /* Info.plist */ = {isa = PBXFileReference; lastKnownFileType = text.plist.xml; path = Info.plist; sourceTree = "<group>"; };
		656B4DE41ED4105800B0AAA5 /* Trial01Tests.xctest */ = {isa = PBXFileReference; explicitFileType = wrapper.cfbundle; includeInIndex = 0; path = Trial01Tests.xctest; sourceTree = BUILT_PRODUCTS_DIR; };
		656B4DE81ED4105800B0AAA5 /* Trial01Tests.swift */ = {isa = PBXFileReference; lastKnownFileType = sourcecode.swift; path = Trial01Tests.swift; sourceTree = "<group>"; };
		656B4DEA1ED4105800B0AAA5 /* Info.plist */ = {isa = PBXFileReference; lastKnownFileType = text.plist.xml; path = Info.plist; sourceTree = "<group>"; };
		656B4DF31ED4169B00B0AAA5 /* Icon.png */ = {isa = PBXFileReference; lastKnownFileType = image.png; path = Icon.png; sourceTree = "<group>"; };
		EBD0F9721EEFE8F7002967B8 /* RegisterPageViewController.swift */ = {isa = PBXFileReference; fileEncoding = 4; lastKnownFileType = sourcecode.swift; path = RegisterPageViewController.swift; sourceTree = "<group>"; };
/* End PBXFileReference section */

/* Begin PBXFrameworksBuildPhase section */
		656B4DCD1ED4105800B0AAA5 /* Frameworks */ = {
			isa = PBXFrameworksBuildPhase;
			buildActionMask = 2147483647;
			files = (
			);
			runOnlyForDeploymentPostprocessing = 0;
		};
		656B4DE11ED4105800B0AAA5 /* Frameworks */ = {
			isa = PBXFrameworksBuildPhase;
			buildActionMask = 2147483647;
			files = (
			);
			runOnlyForDeploymentPostprocessing = 0;
		};
/* End PBXFrameworksBuildPhase section */

/* Begin PBXGroup section */
		656B4DC71ED4105800B0AAA5 = {
			isa = PBXGroup;
			children = (
				656B4DF31ED4169B00B0AAA5 /* Icon.png */,
				656B4DD21ED4105800B0AAA5 /* Trial01 */,
				656B4DE71ED4105800B0AAA5 /* Trial01Tests */,
				656B4DD11ED4105800B0AAA5 /* Products */,
			);
			sourceTree = "<group>";
		};
		656B4DD11ED4105800B0AAA5 /* Products */ = {
			isa = PBXGroup;
			children = (
				656B4DD01ED4105800B0AAA5 /* Trial01.app */,
				656B4DE41ED4105800B0AAA5 /* Trial01Tests.xctest */,
			);
			name = Products;
			sourceTree = "<group>";
		};
		656B4DD21ED4105800B0AAA5 /* Trial01 */ = {
			isa = PBXGroup;
			children = (
				656B4DD31ED4105800B0AAA5 /* AppDelegate.swift */,
				656B4DD51ED4105800B0AAA5 /* ViewController.swift */,
				656B4DD71ED4105800B0AAA5 /* Main.storyboard */,
				656B4DDA1ED4105800B0AAA5 /* Assets.xcassets */,
				656B4DDC1ED4105800B0AAA5 /* LaunchScreen.storyboard */,
				656B4DDF1ED4105800B0AAA5 /* Info.plist */,
				EBD0F9721EEFE8F7002967B8 /* RegisterPageViewController.swift */,
			);
			path = Trial01;
			sourceTree = "<group>";
		};
		656B4DE71ED4105800B0AAA5 /* Trial01Tests */ = {
			isa = PBXGroup;
			children = (
				656B4DE81ED4105800B0AAA5 /* Trial01Tests.swift */,
				656B4DEA1ED4105800B0AAA5 /* Info.plist */,
			);
			path = Trial01Tests;
			sourceTree = "<group>";
		};
/* End PBXGroup section */

/* Begin PBXNativeTarget section */
		656B4DCF1ED4105800B0AAA5 /* Trial01 */ = {
			isa = PBXNativeTarget;
			buildConfigurationList = 656B4DED1ED4105800B0AAA5 /* Build configuration list for PBXNativeTarget "Trial01" */;
			buildPhases = (
				656B4DCC1ED4105800B0AAA5 /* Sources */,
				656B4DCD1ED4105800B0AAA5 /* Frameworks */,
				656B4DCE1ED4105800B0AAA5 /* Resources */,
			);
			buildRules = (
			);
			dependencies = (
			);
			name = Trial01;
			productName = Trial01;
			productReference = 656B4DD01ED4105800B0AAA5 /* Trial01.app */;
			productType = "com.apple.product-type.application";
		};
		656B4DE31ED4105800B0AAA5 /* Trial01Tests */ = {
			isa = PBXNativeTarget;
			buildConfigurationList = 656B4DF01ED4105800B0AAA5 /* Build configuration list for PBXNativeTarget "Trial01Tests" */;
			buildPhases = (
				656B4DE01ED4105800B0AAA5 /* Sources */,
				656B4DE11ED4105800B0AAA5 /* Frameworks */,
				656B4DE21ED4105800B0AAA5 /* Resources */,
			);
			buildRules = (
			);
			dependencies = (
				656B4DE61ED4105800B0AAA5 /* PBXTargetDependency */,
			);
			name = Trial01Tests;
			productName = Trial01Tests;
			productReference = 656B4DE41ED4105800B0AAA5 /* Trial01Tests.xctest */;
			productType = "com.apple.product-type.bundle.unit-test";
		};
/* End PBXNativeTarget section */

/* Begin PBXProject section */
		656B4DC81ED4105800B0AAA5 /* Project object */ = {
			isa = PBXProject;
			attributes = {
				LastSwiftUpdateCheck = 0820;
				LastUpgradeCheck = 0820;
				ORGANIZATIONNAME = None;
				TargetAttributes = {
					656B4DCF1ED4105800B0AAA5 = {
						CreatedOnToolsVersion = 8.2.1;
						ProvisioningStyle = Automatic;
					};
					656B4DE31ED4105800B0AAA5 = {
						CreatedOnToolsVersion = 8.2.1;
						ProvisioningStyle = Automatic;
						TestTargetID = 656B4DCF1ED4105800B0AAA5;
					};
				};
			};
			buildConfigurationList = 656B4DCB1ED4105800B0AAA5 /* Build configuration list for PBXProject "Trial01" */;
			compatibilityVersion = "Xcode 3.2";
			developmentRegion = English;
			hasScannedForEncodings = 0;
			knownRegions = (
				en,
				Base,
			);
			mainGroup = 656B4DC71ED4105800B0AAA5;
			productRefGroup = 656B4DD11ED4105800B0AAA5 /* Products */;
			projectDirPath = "";
			projectRoot = "";
			targets = (
				656B4DCF1ED4105800B0AAA5 /* Trial01 */,
				656B4DE31ED4105800B0AAA5 /* Trial01Tests */,
			);
		};
/* End PBXProject section */

/* Begin PBXResourcesBuildPhase section */
		656B4DCE1ED4105800B0AAA5 /* Resources */ = {
			isa = PBXResourcesBuildPhase;
			buildActionMask = 2147483647;
			files = (
				656B4DF41ED4169B00B0AAA5 /* Icon.png in Resources */,
				656B4DDE1ED4105800B0AAA5 /* LaunchScreen.storyboard in Resources */,
				656B4DDB1ED4105800B0AAA5 /* Assets.xcassets in Resources */,
				656B4DD91ED4105800B0AAA5 /* Main.storyboard in Resources */,
			);
			runOnlyForDeploymentPostprocessing = 0;
		};
		656B4DE21ED4105800B0AAA5 /* Resources */ = {
			isa = PBXResourcesBuildPhase;
			buildActionMask = 2147483647;
			files = (
				EB12CEB61EF03A6400D55778 /* Assets.xcassets in Resources */,
			);
			runOnlyForDeploymentPostprocessing = 0;
		};
/* End PBXResourcesBuildPhase section */

/* Begin PBXSourcesBuildPhase section */
		656B4DCC1ED4105800B0AAA5 /* Sources */ = {
			isa = PBXSourcesBuildPhase;
			buildActionMask = 2147483647;
			files = (
				EBD0F9871EF0349E002967B8 /* ViewController.swift in Sources */,
				EBD0F9811EF033ED002967B8 /* AppDelegate.swift in Sources */,
				EBD0F98A1EF037EC002967B8 /* RegisterPageViewController.swift in Sources */,
			);
			runOnlyForDeploymentPostprocessing = 0;
		};
		656B4DE01ED4105800B0AAA5 /* Sources */ = {
			isa = PBXSourcesBuildPhase;
			buildActionMask = 2147483647;
			files = (
				EB12CEFC1EF03E0A00D55778 /* Trial01Tests.swift in Sources */,
			);
			runOnlyForDeploymentPostprocessing = 0;
		};
/* End PBXSourcesBuildPhase section */

/* Begin PBXTargetDependency section */
		656B4DE61ED4105800B0AAA5 /* PBXTargetDependency */ = {
			isa = PBXTargetDependency;
			target = 656B4DCF1ED4105800B0AAA5 /* Trial01 */;
			targetProxy = 656B4DE51ED4105800B0AAA5 /* PBXContainerItemProxy */;
		};
/* End PBXTargetDependency section */

/* Begin PBXVariantGroup section */
		656B4DD71ED4105800B0AAA5 /* Main.storyboard */ = {
			isa = PBXVariantGroup;
			children = (
				656B4DD81ED4105800B0AAA5 /* Base */,
			);
			name = Main.storyboard;
			sourceTree = "<group>";
		};
		656B4DDC1ED4105800B0AAA5 /* LaunchScreen.storyboard */ = {
			isa = PBXVariantGroup;
			children = (
				656B4DDD1ED4105800B0AAA5 /* Base */,
			);
			name = LaunchScreen.storyboard;
			sourceTree = "<group>";
		};
/* End PBXVariantGroup section */

/* Begin XCBuildConfiguration section */
		656B4DEB1ED4105800B0AAA5 /* Debug */ = {
			isa = XCBuildConfiguration;
			buildSettings = {
				ALWAYS_SEARCH_USER_PATHS = NO;
				CLANG_ANALYZER_NONNULL = YES;
				CLANG_CXX_LANGUAGE_STANDARD = "gnu++0x";
				CLANG_CXX_LIBRARY = "libc++";
				CLANG_ENABLE_MODULES = YES;
				CLANG_ENABLE_OBJC_ARC = YES;
				CLANG_WARN_BOOL_CONVERSION = YES;
				CLANG_WARN_CONSTANT_CONVERSION = YES;
				CLANG_WARN_DIRECT_OBJC_ISA_USAGE = YES_ERROR;
				CLANG_WARN_DOCUMENTATION_COMMENTS = YES;
				CLANG_WARN_EMPTY_BODY = YES;
				CLANG_WARN_ENUM_CONVERSION = YES;
				CLANG_WARN_INFINITE_RECURSION = YES;
				CLANG_WARN_INT_CONVERSION = YES;
				CLANG_WARN_OBJC_ROOT_CLASS = YES_ERROR;
				CLANG_WARN_SUSPICIOUS_MOVE = YES;
				CLANG_WARN_UNREACHABLE_CODE = YES;
				CLANG_WARN__DUPLICATE_METHOD_MATCH = YES;
				"CODE_SIGN_IDENTITY[sdk=iphoneos*]" = "iPhone Developer";
				COPY_PHASE_STRIP = NO;
				DEBUG_INFORMATION_FORMAT = dwarf;
				ENABLE_STRICT_OBJC_MSGSEND = YES;
				ENABLE_TESTABILITY = YES;
				GCC_C_LANGUAGE_STANDARD = gnu99;
				GCC_DYNAMIC_NO_PIC = NO;
				GCC_NO_COMMON_BLOCKS = YES;
				GCC_OPTIMIZATION_LEVEL = 0;
				GCC_PREPROCESSOR_DEFINITIONS = (
					"DEBUG=1",
					"$(inherited)",
				);
				GCC_WARN_64_TO_32_BIT_CONVERSION = YES;
				GCC_WARN_ABOUT_RETURN_TYPE = YES_ERROR;
				GCC_WARN_UNDECLARED_SELECTOR = YES;
				GCC_WARN_UNINITIALIZED_AUTOS = YES_AGGRESSIVE;
				GCC_WARN_UNUSED_FUNCTION = YES;
				GCC_WARN_UNUSED_VARIABLE = YES;
				IPHONEOS_DEPLOYMENT_TARGET = 10.2;
				MTL_ENABLE_DEBUG_INFO = YES;
				ONLY_ACTIVE_ARCH = YES;
				SDKROOT = iphoneos;
				SWIFT_ACTIVE_COMPILATION_CONDITIONS = DEBUG;
				SWIFT_OPTIMIZATION_LEVEL = "-Onone";
			};
			name = Debug;
		};
		656B4DEC1ED4105800B0AAA5 /* Release */ = {
			isa = XCBuildConfiguration;
			buildSettings = {
				ALWAYS_SEARCH_USER_PATHS = NO;
				CLANG_ANALYZER_NONNULL = YES;
				CLANG_CXX_LANGUAGE_STANDARD = "gnu++0x";
				CLANG_CXX_LIBRARY = "libc++";
				CLANG_ENABLE_MODULES = YES;
				CLANG_ENABLE_OBJC_ARC = YES;
				CLANG_WARN_BOOL_CONVERSION = YES;
				CLANG_WARN_CONSTANT_CONVERSION = YES;
				CLANG_WARN_DIRECT_OBJC_ISA_USAGE = YES_ERROR;
				CLANG_WARN_DOCUMENTATION_COMMENTS = YES;
				CLANG_WARN_EMPTY_BODY = YES;
				CLANG_WARN_ENUM_CONVERSION = YES;
				CLANG_WARN_INFINITE_RECURSION = YES;
				CLANG_WARN_INT_CONVERSION = YES;
				CLANG_WARN_OBJC_ROOT_CLASS = YES_ERROR;
				CLANG_WARN_SUSPICIOUS_MOVE = YES;
				CLANG_WARN_UNREACHABLE_CODE = YES;
				CLANG_WARN__DUPLICATE_METHOD_MATCH = YES;
				"CODE_SIGN_IDENTITY[sdk=iphoneos*]" = "iPhone Developer";
				COPY_PHASE_STRIP = NO;
				DEBUG_INFORMATION_FORMAT = "dwarf-with-dsym";
				ENABLE_NS_ASSERTIONS = NO;
				ENABLE_STRICT_OBJC_MSGSEND = YES;
				GCC_C_LANGUAGE_STANDARD = gnu99;
				GCC_NO_COMMON_BLOCKS = YES;
				GCC_WARN_64_TO_32_BIT_CONVERSION = YES;
				GCC_WARN_ABOUT_RETURN_TYPE = YES_ERROR;
				GCC_WARN_UNDECLARED_SELECTOR = YES;
				GCC_WARN_UNINITIALIZED_AUTOS = YES_AGGRESSIVE;
				GCC_WARN_UNUSED_FUNCTION = YES;
				GCC_WARN_UNUSED_VARIABLE = YES;
				IPHONEOS_DEPLOYMENT_TARGET = 10.2;
				MTL_ENABLE_DEBUG_INFO = NO;
				SDKROOT = iphoneos;
				SWIFT_OPTIMIZATION_LEVEL = "-Owholemodule";
				VALIDATE_PRODUCT = YES;
			};
			name = Release;
		};
		656B4DEE1ED4105800B0AAA5 /* Debug */ = {
			isa = XCBuildConfiguration;
			buildSettings = {
				ASSETCATALOG_COMPILER_APPICON_NAME = AppIcon;
				INFOPLIST_FILE = Trial01/Info.plist;
				LD_RUNPATH_SEARCH_PATHS = "$(inherited) @executable_path/Frameworks";
				PRODUCT_BUNDLE_IDENTIFIER = edu.self.Trial01;
				PRODUCT_NAME = "$(TARGET_NAME)";
				SWIFT_VERSION = 3.0;
			};
			name = Debug;
		};
		656B4DEF1ED4105800B0AAA5 /* Release */ = {
			isa = XCBuildConfiguration;
			buildSettings = {
				ASSETCATALOG_COMPILER_APPICON_NAME = AppIcon;
				INFOPLIST_FILE = Trial01/Info.plist;
				LD_RUNPATH_SEARCH_PATHS = "$(inherited) @executable_path/Frameworks";
				PRODUCT_BUNDLE_IDENTIFIER = edu.self.Trial01;
				PRODUCT_NAME = "$(TARGET_NAME)";
				SWIFT_VERSION = 3.0;
			};
			name = Release;
		};
		656B4DF11ED4105800B0AAA5 /* Debug */ = {
			isa = XCBuildConfiguration;
			buildSettings = {
				ALWAYS_EMBED_SWIFT_STANDARD_LIBRARIES = YES;
				BUNDLE_LOADER = "$(TEST_HOST)";
				INFOPLIST_FILE = Trial01Tests/Info.plist;
				LD_RUNPATH_SEARCH_PATHS = "$(inherited) @executable_path/Frameworks @loader_path/Frameworks";
				PRODUCT_BUNDLE_IDENTIFIER = edu.self.Trial01Tests;
				PRODUCT_NAME = "$(TARGET_NAME)";
				SWIFT_VERSION = 3.0;
				TEST_HOST = "$(BUILT_PRODUCTS_DIR)/Trial01.app/Trial01";
			};
			name = Debug;
		};
		656B4DF21ED4105800B0AAA5 /* Release */ = {
			isa = XCBuildConfiguration;
			buildSettings = {
				ALWAYS_EMBED_SWIFT_STANDARD_LIBRARIES = YES;
				BUNDLE_LOADER = "$(TEST_HOST)";
				INFOPLIST_FILE = Trial01Tests/Info.plist;
				LD_RUNPATH_SEARCH_PATHS = "$(inherited) @executable_path/Frameworks @loader_path/Frameworks";
				PRODUCT_BUNDLE_IDENTIFIER = edu.self.Trial01Tests;
				PRODUCT_NAME = "$(TARGET_NAME)";
				SWIFT_VERSION = 3.0;
				TEST_HOST = "$(BUILT_PRODUCTS_DIR)/Trial01.app/Trial01";
			};
			name = Release;
		};
/* End XCBuildConfiguration section */

/* Begin XCConfigurationList section */
		656B4DCB1ED4105800B0AAA5 /* Build configuration list for PBXProject "Trial01" */ = {
			isa = XCConfigurationList;
			buildConfigurations = (
				656B4DEB1ED4105800B0AAA5 /* Debug */,
				656B4DEC1ED4105800B0AAA5 /* Release */,
			);
			defaultConfigurationIsVisible = 0;
			defaultConfigurationName = Release;
		};
		656B4DED1ED4105800B0AAA5 /* Build configuration list for PBXNativeTarget "Trial01" */ = {
			isa = XCConfigurationList;
			buildConfigurations = (
				656B4DEE1ED4105800B0AAA5 /* Debug */,
				656B4DEF1ED4105800B0AAA5 /* Release */,
			);
			defaultConfigurationIsVisible = 0;
			defaultConfigurationName = Release;
		};
		656B4DF01ED4105800B0AAA5 /* Build configuration list for PBXNativeTarget "Trial01Tests" */ = {
			isa = XCConfigurationList;
			buildConfigurations = (
				656B4DF11ED4105800B0AAA5 /* Debug */,
				656B4DF21ED4105800B0AAA5 /* Release */,
			);
			defaultConfigurationIsVisible = 0;
			defaultConfigurationName = Release;
		};
/* End XCConfigurationList section */
	};
	rootObject = 656B4DC81ED4105800B0AAA5 /* Project object */;
}
